
Microsoft Visual Studio Solution File, Format Version 12.00
# Visual Studio 14
VisualStudioVersion = 14.0.25123.0
MinimumVisualStudioVersion = 10.0.40219.1
Project("{2150E333-8FDC-42A3-9474-1A3956D46DE8}") = "src", "src", "{4A96C276-1EC4-4BC7-9F78-B8EEB2CCCC9E}"
EndProject
Project("{2150E333-8FDC-42A3-9474-1A3956D46DE8}") = "Solution Items", "Solution Items", "{723ED450-237A-4BAF-87AF-E784E9612D24}"
	ProjectSection(SolutionItems) = preProject
		global.json = global.json
	EndProjectSection
EndProject
Project("{8BB2217D-0F2D-49D1-97BC-3654ED321F3B}") = "FaceMaze.Web", "src\FaceMaze.Web\FaceMaze.Web.xproj", "{AB643DE7-9828-4189-86E2-FEC29FE97F7B}"
EndProject
Global
	GlobalSection(SolutionConfigurationPlatforms) = preSolution
		Debug|Any CPU = Debug|Any CPU
		Release|Any CPU = Release|Any CPU
	EndGlobalSection
	GlobalSection(ProjectConfigurationPlatforms) = postSolution
		{AB643DE7-9828-4189-86E2-FEC29FE97F7B}.Debug|Any CPU.ActiveCfg = Debug|Any CPU
		{AB643DE7-9828-4189-86E2-FEC29FE97F7B}.Debug|Any CPU.Build.0 = Debug|Any CPU
		{AB643DE7-9828-4189-86E2-FEC29FE97F7B}.Release|Any CPU.ActiveCfg = Release|Any CPU
		{AB643DE7-9828-4189-86E2-FEC29FE97F7B}.Release|Any CPU.Build.0 = Release|Any CPU
	EndGlobalSection
	GlobalSection(SolutionProperties) = preSolution
		HideSolutionNode = FALSE
	EndGlobalSection
	GlobalSection(NestedProjects) = preSolution
		{AB643DE7-9828-4189-86E2-FEC29FE97F7B} = {4A96C276-1EC4-4BC7-9F78-B8EEB2CCCC9E}
	EndGlobalSection
EndGlobal
